
Microsoft Visual Studio Solution File, Format Version 12.00
# Visual Studio Version 17
VisualStudioVersion = 17.11.35208.52
MinimumVisualStudioVersion = 10.0.40219.1
Project("{FAE04EC0-301F-11D3-BF4B-00C04F79EFBC}") = "fathimah", "fathimah.csproj", "{725FB7D2-6D02-45FB-9945-80BF4BA25B9A}"
EndProject
Global
	GlobalSection(SolutionConfigurationPlatforms) = preSolution
		Debug|Any CPU = Debug|Any CPU
		Release|Any CPU = Release|Any CPU
	EndGlobalSection
	GlobalSection(ProjectConfigurationPlatforms) = postSolution
		{725FB7D2-6D02-45FB-9945-80BF4BA25B9A}.Debug|Any CPU.ActiveCfg = Debug|Any CPU
		{725FB7D2-6D02-45FB-9945-80BF4BA25B9A}.Debug|Any CPU.Build.0 = Debug|Any CPU
		{725FB7D2-6D02-45FB-9945-80BF4BA25B9A}.Release|Any CPU.ActiveCfg = Release|Any CPU
		{725FB7D2-6D02-45FB-9945-80BF4BA25B9A}.Release|Any CPU.Build.0 = Release|Any CPU
	EndGlobalSection
	GlobalSection(SolutionProperties) = preSolution
		HideSolutionNode = FALSE
	EndGlobalSection
	GlobalSection(ExtensibilityGlobals) = postSolution
		SolutionGuid = {0A43BF58-0F7B-4C6F-A527-AD57ADDA5644}
	EndGlobalSection
EndGlobal
